{
  "version": 4,
  "terraform_version": "1.1.9",
  "serial": 27,
  "lineage": "51f0b57f-3748-9087-cb90-bf5241dbba55",
  "outputs": {
    "api_url": {
      "value": "https://qezdu1rb52.execute-api.us-east-1.amazonaws.com/",
      "type": "string"
    }
  },
  "resources": [
    {
      "mode": "data",
      "type": "archive_file",
      "name": "create_user_crud",
      "provider": "provider[\"registry.terraform.io/hashicorp/archive\"]",
      "instances": [
        {
          "schema_version": 0,
          "attributes": {
            "excludes": null,
            "id": "bbef60a86454475d5174078245aa99e8e9765046",
            "output_base64sha256": "+ykKUhoBmU42KJxRONqCMXRemqq9R4Z9qtkANxqBAvk=",
            "output_file_mode": null,
            "output_md5": "1637ade8b384d66ab25c404f7342fac0",
            "output_path": "files/index.zip",
            "output_sha": "bbef60a86454475d5174078245aa99e8e9765046",
            "output_size": 393,
            "source": [],
            "source_content": null,
            "source_content_filename": null,
            "source_dir": "../src/user/create",
            "source_file": null,
            "type": "zip"
          },
          "sensitive_attributes": []
        }
      ]
    },
    {
      "mode": "data",
      "type": "aws_iam_policy_document",
      "name": "create_logs_cloudwatch",
      "provider": "provider[\"registry.terraform.io/hashicorp/aws\"]",
      "instances": [
        {
          "schema_version": 0,
          "attributes": {
            "id": "1365291523",
            "json": "{\n  \"Version\": \"2012-10-17\",\n  \"Statement\": [\n    {\n      \"Sid\": \"AllowCreatingLogGroups\",\n      \"Effect\": \"Allow\",\n      \"Action\": \"logs:CreateLogGroup\",\n      \"Resource\": \"arn:aws:logs:*:*:*\"\n    },\n    {\n      \"Sid\": \"AllowWritingLogs\",\n      \"Effect\": \"Allow\",\n      \"Action\": [\n        \"logs:PutLogEvents\",\n        \"logs:CreateLogStream\"\n      ],\n      \"Resource\": \"arn:aws:logs:*:*:log-group:/aws/lambda/*:*\"\n    }\n  ]\n}",
            "override_json": null,
            "override_policy_documents": null,
            "policy_id": null,
            "source_json": null,
            "source_policy_documents": null,
            "statement": [
              {
                "actions": [
                  "logs:CreateLogGroup"
                ],
                "condition": [],
                "effect": "Allow",
                "not_actions": [],
                "not_principals": [],
                "not_resources": [],
                "principals": [],
                "resources": [
                  "arn:aws:logs:*:*:*"
                ],
                "sid": "AllowCreatingLogGroups"
              },
              {
                "actions": [
                  "logs:CreateLogStream",
                  "logs:PutLogEvents"
                ],
                "condition": [],
                "effect": "Allow",
                "not_actions": [],
                "not_principals": [],
                "not_resources": [],
                "principals": [],
                "resources": [
                  "arn:aws:logs:*:*:log-group:/aws/lambda/*:*"
                ],
                "sid": "AllowWritingLogs"
              }
            ],
            "version": "2012-10-17"
          },
          "sensitive_attributes": []
        }
      ]
    },
    {
      "mode": "managed",
      "type": "aws_apigatewayv2_api",
      "name": "create_user_crud",
      "provider": "provider[\"registry.terraform.io/hashicorp/aws\"]",
      "instances": [
        {
          "schema_version": 0,
          "attributes": {
            "api_endpoint": "https://qezdu1rb52.execute-api.us-east-1.amazonaws.com",
            "api_key_selection_expression": "$request.header.x-api-key",
            "arn": "arn:aws:apigateway:us-east-1::/apis/qezdu1rb52",
            "body": null,
            "cors_configuration": [],
            "credentials_arn": null,
            "description": "",
            "disable_execute_api_endpoint": false,
            "execution_arn": "arn:aws:execute-api:us-east-1:413425779393:qezdu1rb52",
            "fail_on_warnings": null,
            "id": "qezdu1rb52",
            "name": "create-user-crud",
            "protocol_type": "HTTP",
            "route_key": null,
            "route_selection_expression": "$request.method $request.path",
            "tags": {},
            "tags_all": {
              "CreatedAt": "2022-05-23",
              "Env": "Development",
              "Owner": "Daniel Marques",
              "Project": "Crud as HTTP"
            },
            "target": null,
            "version": ""
          },
          "sensitive_attributes": [],
          "private": "bnVsbA=="
        }
      ]
    },
    {
      "mode": "managed",
      "type": "aws_apigatewayv2_integration",
      "name": "create_user_crud",
      "provider": "provider[\"registry.terraform.io/hashicorp/aws\"]",
      "instances": [
        {
          "schema_version": 0,
          "attributes": {
            "api_id": "qezdu1rb52",
            "connection_id": "",
            "connection_type": "INTERNET",
            "content_handling_strategy": "",
            "credentials_arn": "",
            "description": "Integração com a lambda de create-user",
            "id": "qubyr9o",
            "integration_method": "POST",
            "integration_response_selection_expression": "",
            "integration_subtype": "",
            "integration_type": "AWS_PROXY",
            "integration_uri": "arn:aws:apigateway:us-east-1:lambda:path/2015-03-31/functions/arn:aws:lambda:us-east-1:413425779393:function:create-user-crud/invocations",
            "passthrough_behavior": "",
            "payload_format_version": "1.0",
            "request_parameters": {},
            "request_templates": {},
            "response_parameters": [],
            "template_selection_expression": "",
            "timeout_milliseconds": 30000,
            "tls_config": []
          },
          "sensitive_attributes": [],
          "private": "bnVsbA==",
          "dependencies": [
            "aws_apigatewayv2_api.create_user_crud",
            "aws_iam_role.create_user_crud",
            "aws_lambda_function.create_user_crud",
            "aws_s3_bucket.lambdas_crud",
            "aws_s3_bucket_object.file_upload",
            "data.archive_file.create_user_crud"
          ]
        }
      ]
    },
    {
      "mode": "managed",
      "type": "aws_apigatewayv2_route",
      "name": "create_user_crud",
      "provider": "provider[\"registry.terraform.io/hashicorp/aws\"]",
      "instances": [
        {
          "schema_version": 0,
          "attributes": {
            "api_id": "qezdu1rb52",
            "api_key_required": false,
            "authorization_scopes": [],
            "authorization_type": "NONE",
            "authorizer_id": "",
            "id": "53nybyi",
            "model_selection_expression": "",
            "operation_name": "",
            "request_models": {},
            "request_parameter": [],
            "route_key": "POST /",
            "route_response_selection_expression": "",
            "target": "integrations/qubyr9o"
          },
          "sensitive_attributes": [],
          "private": "bnVsbA==",
          "dependencies": [
            "aws_apigatewayv2_api.create_user_crud",
            "aws_apigatewayv2_integration.create_user_crud",
            "aws_iam_role.create_user_crud",
            "aws_lambda_function.create_user_crud",
            "aws_s3_bucket.lambdas_crud",
            "aws_s3_bucket_object.file_upload",
            "data.archive_file.create_user_crud"
          ]
        }
      ]
    },
    {
      "mode": "managed",
      "type": "aws_apigatewayv2_stage",
      "name": "create_user_crud",
      "provider": "provider[\"registry.terraform.io/hashicorp/aws\"]",
      "instances": [
        {
          "schema_version": 0,
          "attributes": {
            "access_log_settings": [],
            "api_id": "qezdu1rb52",
            "arn": "arn:aws:apigateway:us-east-1::/apis/qezdu1rb52/stages/$default",
            "auto_deploy": true,
            "client_certificate_id": "",
            "default_route_settings": [
              {
                "data_trace_enabled": false,
                "detailed_metrics_enabled": false,
                "logging_level": "",
                "throttling_burst_limit": 0,
                "throttling_rate_limit": 0
              }
            ],
            "deployment_id": "m2xxzp",
            "description": "",
            "execution_arn": "arn:aws:execute-api:us-east-1:413425779393:qezdu1rb52/$default",
            "id": "$default",
            "invoke_url": "https://qezdu1rb52.execute-api.us-east-1.amazonaws.com/",
            "name": "$default",
            "route_settings": [],
            "stage_variables": {},
            "tags": {},
            "tags_all": {
              "CreatedAt": "2022-05-23",
              "Env": "Development",
              "Owner": "Daniel Marques",
              "Project": "Crud as HTTP"
            }
          },
          "sensitive_attributes": [],
          "private": "bnVsbA==",
          "dependencies": [
            "aws_apigatewayv2_api.create_user_crud"
          ]
        }
      ]
    },
    {
      "mode": "managed",
      "type": "aws_iam_policy",
      "name": "create_logs_cloudwatch",
      "provider": "provider[\"registry.terraform.io/hashicorp/aws\"]",
      "instances": [
        {
          "schema_version": 0,
          "attributes": {
            "arn": "arn:aws:iam::413425779393:policy/create-user-policy",
            "description": "",
            "id": "arn:aws:iam::413425779393:policy/create-user-policy",
            "name": "create-user-policy",
            "name_prefix": null,
            "path": "/",
            "policy": "{\"Statement\":[{\"Action\":\"logs:CreateLogGroup\",\"Effect\":\"Allow\",\"Resource\":\"arn:aws:logs:*:*:*\",\"Sid\":\"AllowCreatingLogGroups\"},{\"Action\":[\"logs:PutLogEvents\",\"logs:CreateLogStream\"],\"Effect\":\"Allow\",\"Resource\":\"arn:aws:logs:*:*:log-group:/aws/lambda/*:*\",\"Sid\":\"AllowWritingLogs\"}],\"Version\":\"2012-10-17\"}",
            "policy_id": "ANPAWAQQYYLA4S4REBRIS",
            "tags": {},
            "tags_all": {
              "CreatedAt": "2022-05-23",
              "Env": "Development",
              "Owner": "Daniel Marques",
              "Project": "Crud as HTTP"
            }
          },
          "sensitive_attributes": [],
          "private": "bnVsbA==",
          "dependencies": [
            "data.aws_iam_policy_document.create_logs_cloudwatch"
          ]
        }
      ]
    },
    {
      "mode": "managed",
      "type": "aws_iam_role",
      "name": "create_user_crud",
      "provider": "provider[\"registry.terraform.io/hashicorp/aws\"]",
      "instances": [
        {
          "schema_version": 0,
          "attributes": {
            "arn": "arn:aws:iam::413425779393:role/create_user_crud",
            "assume_role_policy": "{\"Version\":\"2012-10-17\",\"Statement\":[{\"Sid\":\"\",\"Effect\":\"Allow\",\"Principal\":{\"Service\":\"lambda.amazonaws.com\"},\"Action\":\"sts:AssumeRole\"}]}",
            "create_date": "2022-05-23T04:13:22Z",
            "description": "",
            "force_detach_policies": false,
            "id": "create_user_crud",
            "inline_policy": [
              {
                "name": "",
                "policy": ""
              }
            ],
            "managed_policy_arns": [
              "arn:aws:iam::413425779393:policy/create-user-policy"
            ],
            "max_session_duration": 3600,
            "name": "create_user_crud",
            "name_prefix": "",
            "path": "/",
            "permissions_boundary": null,
            "tags": {},
            "tags_all": {
              "CreatedAt": "2022-05-23",
              "Env": "Development",
              "Owner": "Daniel Marques",
              "Project": "Crud as HTTP"
            },
            "unique_id": "AROAWAQQYYLAV3HDRTBY6"
          },
          "sensitive_attributes": [],
          "private": "bnVsbA=="
        }
      ]
    },
    {
      "mode": "managed",
      "type": "aws_iam_role_policy_attachment",
      "name": "api_cloudwatch",
      "provider": "provider[\"registry.terraform.io/hashicorp/aws\"]",
      "instances": [
        {
          "schema_version": 0,
          "attributes": {
            "id": "create_user_crud-20220523041324088900000001",
            "policy_arn": "arn:aws:iam::413425779393:policy/create-user-policy",
            "role": "create_user_crud"
          },
          "sensitive_attributes": [],
          "private": "bnVsbA==",
          "dependencies": [
            "aws_iam_policy.create_logs_cloudwatch",
            "aws_iam_role.create_user_crud",
            "data.aws_iam_policy_document.create_logs_cloudwatch"
          ]
        }
      ]
    },
    {
      "mode": "managed",
      "type": "aws_lambda_function",
      "name": "create_user_crud",
      "provider": "provider[\"registry.terraform.io/hashicorp/aws\"]",
      "instances": [
        {
          "schema_version": 0,
          "attributes": {
            "architectures": [
              "x86_64"
            ],
            "arn": "arn:aws:lambda:us-east-1:413425779393:function:create-user-crud",
            "code_signing_config_arn": "",
            "dead_letter_config": [],
            "description": "Create a user in Dynamo",
            "environment": [],
            "ephemeral_storage": [
              {
                "size": 512
              }
            ],
            "file_system_config": [],
            "filename": null,
            "function_name": "create-user-crud",
            "handler": "index.handler",
            "id": "create-user-crud",
            "image_config": [],
            "image_uri": "",
            "invoke_arn": "arn:aws:apigateway:us-east-1:lambda:path/2015-03-31/functions/arn:aws:lambda:us-east-1:413425779393:function:create-user-crud/invocations",
            "kms_key_arn": "",
            "last_modified": "2022-05-23T04:28:50.000+0000",
            "layers": [],
            "memory_size": 128,
            "package_type": "Zip",
            "publish": false,
            "qualified_arn": "arn:aws:lambda:us-east-1:413425779393:function:create-user-crud:$LATEST",
            "reserved_concurrent_executions": -1,
            "role": "arn:aws:iam::413425779393:role/create_user_crud",
            "runtime": "nodejs14.x",
            "s3_bucket": "create-user-me",
            "s3_key": "files/create-user.zip",
            "s3_object_version": null,
            "signing_job_arn": "",
            "signing_profile_version_arn": "",
            "source_code_hash": "GKyjSvtbedHCPz5cycJJjLkOcpFdWS77XjfYRldv7Aw=",
            "source_code_size": 388,
            "tags": {},
            "tags_all": {
              "CreatedAt": "2022-05-23",
              "Env": "Development",
              "Owner": "Daniel Marques",
              "Project": "Crud as HTTP"
            },
            "timeout": 3,
            "timeouts": null,
            "tracing_config": [
              {
                "mode": "PassThrough"
              }
            ],
            "version": "$LATEST",
            "vpc_config": []
          },
          "sensitive_attributes": [],
          "private": "eyJlMmJmYjczMC1lY2FhLTExZTYtOGY4OC0zNDM2M2JjN2M0YzAiOnsiY3JlYXRlIjo2MDAwMDAwMDAwMDB9fQ==",
          "dependencies": [
            "aws_iam_role.create_user_crud",
            "aws_s3_bucket.lambdas_crud",
            "aws_s3_bucket_object.file_upload",
            "data.archive_file.create_user_crud"
          ]
        }
      ]
    },
    {
      "mode": "managed",
      "type": "aws_lambda_permission",
      "name": "allow_cloudwatch",
      "provider": "provider[\"registry.terraform.io/hashicorp/aws\"]",
      "instances": [
        {
          "schema_version": 0,
          "attributes": {
            "action": "lambda:InvokeFunction",
            "event_source_token": null,
            "function_name": "create-user-crud",
            "function_url_auth_type": null,
            "id": "AWSLambdaBasicExecutionRole",
            "principal": "events.amazonaws.com",
            "principal_org_id": null,
            "qualifier": "",
            "source_account": null,
            "source_arn": "arn:aws:events:us-east-1:413425779393:*/*",
            "statement_id": "AWSLambdaBasicExecutionRole",
            "statement_id_prefix": ""
          },
          "sensitive_attributes": [],
          "private": "bnVsbA==",
          "dependencies": [
            "aws_iam_role.create_user_crud",
            "aws_lambda_function.create_user_crud",
            "aws_s3_bucket.lambdas_crud",
            "aws_s3_bucket_object.file_upload",
            "data.archive_file.create_user_crud"
          ]
        }
      ]
    },
    {
      "mode": "managed",
      "type": "aws_lambda_permission",
      "name": "lambda_permission",
      "provider": "provider[\"registry.terraform.io/hashicorp/aws\"]",
      "instances": [
        {
          "schema_version": 0,
          "attributes": {
            "action": "lambda:InvokeFunction",
            "event_source_token": null,
            "function_name": "arn:aws:lambda:us-east-1:413425779393:function:create-user-crud",
            "function_url_auth_type": null,
            "id": "AllowExecutionFromAPIGateway",
            "principal": "apigateway.amazonaws.com",
            "principal_org_id": null,
            "qualifier": "",
            "source_account": null,
            "source_arn": "arn:aws:execute-api:us-east-1:413425779393:qezdu1rb52/*/*/",
            "statement_id": "AllowExecutionFromAPIGateway",
            "statement_id_prefix": ""
          },
          "sensitive_attributes": [],
          "private": "bnVsbA==",
          "dependencies": [
            "aws_apigatewayv2_api.create_user_crud",
            "aws_iam_role.create_user_crud",
            "aws_lambda_function.create_user_crud",
            "aws_s3_bucket.lambdas_crud",
            "aws_s3_bucket_object.file_upload",
            "data.archive_file.create_user_crud"
          ]
        }
      ]
    },
    {
      "mode": "managed",
      "type": "aws_s3_bucket",
      "name": "lambdas_crud",
      "provider": "provider[\"registry.terraform.io/hashicorp/aws\"]",
      "instances": [
        {
          "schema_version": 0,
          "attributes": {
            "acceleration_status": "",
            "acl": null,
            "arn": "arn:aws:s3:::create-user-me",
            "bucket": "create-user-me",
            "bucket_domain_name": "create-user-me.s3.amazonaws.com",
            "bucket_prefix": null,
            "bucket_regional_domain_name": "create-user-me.s3.amazonaws.com",
            "cors_rule": [],
            "force_destroy": false,
            "grant": [
              {
                "id": "221d952516c98bce3f6b0e5f7a40447e9107d57104cf1cb2297de87dffec3940",
                "permissions": [
                  "FULL_CONTROL"
                ],
                "type": "CanonicalUser",
                "uri": ""
              }
            ],
            "hosted_zone_id": "Z3AQBSTGFYJSTF",
            "id": "create-user-me",
            "lifecycle_rule": [],
            "logging": [],
            "object_lock_configuration": [],
            "object_lock_enabled": false,
            "policy": "",
            "region": "us-east-1",
            "replication_configuration": [],
            "request_payer": "BucketOwner",
            "server_side_encryption_configuration": [],
            "tags": {
              "Name": "bucket for lambdas"
            },
            "tags_all": {
              "CreatedAt": "2022-05-23",
              "Env": "Development",
              "Name": "bucket for lambdas",
              "Owner": "Daniel Marques",
              "Project": "Crud as HTTP"
            },
            "versioning": [
              {
                "enabled": false,
                "mfa_delete": false
              }
            ],
            "website": [],
            "website_domain": null,
            "website_endpoint": null
          },
          "sensitive_attributes": [],
          "private": "bnVsbA=="
        }
      ]
    },
    {
      "mode": "managed",
      "type": "aws_s3_bucket_object",
      "name": "file_upload",
      "provider": "provider[\"registry.terraform.io/hashicorp/aws\"]",
      "instances": [
        {
          "schema_version": 0,
          "attributes": {
            "acl": "private",
            "bucket": "create-user-me",
            "bucket_key_enabled": false,
            "cache_control": "",
            "content": null,
            "content_base64": null,
            "content_disposition": "",
            "content_encoding": "",
            "content_language": "",
            "content_type": "binary/octet-stream",
            "etag": "b582a4f2d65175c784278bf159e6f384",
            "force_destroy": false,
            "id": "files/create-user.zip",
            "key": "files/create-user.zip",
            "kms_key_id": null,
            "metadata": {},
            "object_lock_legal_hold_status": "",
            "object_lock_mode": "",
            "object_lock_retain_until_date": "",
            "server_side_encryption": "",
            "source": "files/index.zip",
            "source_hash": null,
            "storage_class": "STANDARD",
            "tags": {},
            "tags_all": {
              "CreatedAt": "2022-05-23",
              "Env": "Development",
              "Owner": "Daniel Marques",
              "Project": "Crud as HTTP"
            },
            "version_id": "",
            "website_redirect": ""
          },
          "sensitive_attributes": [],
          "private": "bnVsbA==",
          "dependencies": [
            "aws_s3_bucket.lambdas_crud",
            "data.archive_file.create_user_crud"
          ]
        }
      ]
    }
  ]
}
