{
  "version": 4,
  "terraform_version": "1.1.8",
  "serial": 47,
  "lineage": "98b5a74d-b32c-92f0-0f19-817da322efbf",
  "outputs": {
    "api_url": {
      "value": "https://8aaq12603f.execute-api.us-east-1.amazonaws.com/",
      "type": "string"
    }
  },
  "resources": [
    {
      "mode": "data",
      "type": "archive_file",
      "name": "todos",
      "provider": "provider[\"registry.terraform.io/hashicorp/archive\"]",
      "instances": [
        {
          "index_key": "delete",
          "schema_version": 0,
          "attributes": {
            "excludes": null,
            "id": "314680456feafb7dd6e0f210a1f9a611f49ad7bc",
            "output_base64sha256": "Pi+IJHmPPJff5XwUM1OOwxbkldgY2ZotPZILHzRMZPI=",
            "output_file_mode": null,
            "output_md5": "5248fbffbfeccc5f19847c50ed60a3b3",
            "output_path": "files/delete-todo-artefact.zip",
            "output_sha": "314680456feafb7dd6e0f210a1f9a611f49ad7bc",
            "output_size": 591,
            "source": [],
            "source_content": null,
            "source_content_filename": null,
            "source_dir": null,
            "source_file": "./../lambdas/todos/delete.js",
            "type": "zip"
          },
          "sensitive_attributes": []
        },
        {
          "index_key": "get",
          "schema_version": 0,
          "attributes": {
            "excludes": null,
            "id": "d47f63eb55f5f42ad1a6021f3c5d5a916dc1d8aa",
            "output_base64sha256": "rVdaS9dG80CIEnh8m75Xc2jzAQ07IEKAXsghIo4/Vwk=",
            "output_file_mode": null,
            "output_md5": "708f6363f129ba41d069b3c0caad9f21",
            "output_path": "files/get-todo-artefact.zip",
            "output_sha": "d47f63eb55f5f42ad1a6021f3c5d5a916dc1d8aa",
            "output_size": 657,
            "source": [],
            "source_content": null,
            "source_content_filename": null,
            "source_dir": null,
            "source_file": "./../lambdas/todos/get.js",
            "type": "zip"
          },
          "sensitive_attributes": []
        },
        {
          "index_key": "post",
          "schema_version": 0,
          "attributes": {
            "excludes": null,
            "id": "9831cf0a0356ce6e93e8a9129705d964f19242ee",
            "output_base64sha256": "lXqX8NasawG0eWiw1q24guzLUpY9I3IkGkIhrbEHxmk=",
            "output_file_mode": null,
            "output_md5": "7e6feee08f6c93587f558ccb9ce61faf",
            "output_path": "files/post-todo-artefact.zip",
            "output_sha": "9831cf0a0356ce6e93e8a9129705d964f19242ee",
            "output_size": 601,
            "source": [],
            "source_content": null,
            "source_content_filename": null,
            "source_dir": null,
            "source_file": "./../lambdas/todos/post.js",
            "type": "zip"
          },
          "sensitive_attributes": []
        },
        {
          "index_key": "put",
          "schema_version": 0,
          "attributes": {
            "excludes": null,
            "id": "45f23501ac6cfc3114ab8eab6b5384b2cc1fc81a",
            "output_base64sha256": "HxNRWvxcCVFo/WzQpgay7iM/fBP7M3oBjsKucmihYfQ=",
            "output_file_mode": null,
            "output_md5": "52b5b2cbcc4f899192f81498fd780144",
            "output_path": "files/put-todo-artefact.zip",
            "output_sha": "45f23501ac6cfc3114ab8eab6b5384b2cc1fc81a",
            "output_size": 684,
            "source": [],
            "source_content": null,
            "source_content_filename": null,
            "source_dir": null,
            "source_file": "./../lambdas/todos/put.js",
            "type": "zip"
          },
          "sensitive_attributes": []
        }
      ]
    },
    {
      "mode": "data",
      "type": "archive_file",
      "name": "utils_layer",
      "provider": "provider[\"registry.terraform.io/hashicorp/archive\"]",
      "instances": [
        {
          "schema_version": 0,
          "attributes": {
            "excludes": null,
            "id": "d5ef40b631d2e59a75664f8e76c1e3657fa60cfd",
            "output_base64sha256": "p8YbiYtpDkWfQBBNG6MDtzmW+qfD4Ra5bAV+T8ZudqE=",
            "output_file_mode": null,
            "output_md5": "318fdf1636e6467c37525d347eb0d085",
            "output_path": "files/utils-layer.zip",
            "output_sha": "d5ef40b631d2e59a75664f8e76c1e3657fa60cfd",
            "output_size": 613,
            "source": [],
            "source_content": null,
            "source_content_filename": null,
            "source_dir": "./../lambdas/layers/utils",
            "source_file": null,
            "type": "zip"
          },
          "sensitive_attributes": []
        }
      ]
    },
    {
      "mode": "data",
      "type": "aws_iam_policy_document",
      "name": "create_logs_cloudwatch",
      "provider": "provider[\"registry.terraform.io/hashicorp/aws\"]",
      "instances": [
        {
          "schema_version": 0,
          "attributes": {
            "id": "2403867238",
            "json": "{\n  \"Version\": \"2012-10-17\",\n  \"Statement\": [\n    {\n      \"Sid\": \"AllowCreatingLogGroups\",\n      \"Effect\": \"Allow\",\n      \"Action\": \"logs:CreateLogGroup\",\n      \"Resource\": \"arn:aws:logs:*:*:*\"\n    },\n    {\n      \"Sid\": \"AllowWritingLogs\",\n      \"Effect\": \"Allow\",\n      \"Action\": [\n        \"logs:PutLogEvents\",\n        \"logs:CreateLogStream\"\n      ],\n      \"Resource\": \"arn:aws:logs:*:*:log-group:/aws/lambda/*:*\"\n    },\n    {\n      \"Sid\": \"\",\n      \"Effect\": \"Allow\",\n      \"Action\": [\n        \"xray:PutTraceSegments\",\n        \"ssm:DescribeParameters\",\n        \"dynamodb:ListTables\"\n      ],\n      \"Resource\": \"*\"\n    },\n    {\n      \"Sid\": \"\",\n      \"Effect\": \"Allow\",\n      \"Action\": [\n        \"dynamodb:UpdateItem\",\n        \"dynamodb:Query\",\n        \"dynamodb:PutItem\",\n        \"dynamodb:GetItem\",\n        \"dynamodb:DescribeTable\",\n        \"dynamodb:DeleteItem\"\n      ],\n      \"Resource\": \"arn:aws:dynamodb:us-east-1:413425779393:table/todos-dev\"\n    },\n    {\n      \"Sid\": \"\",\n      \"Effect\": \"Allow\",\n      \"Action\": [\n        \"ssm:GetParameters\",\n        \"ssm:GetParameter\"\n      ],\n      \"Resource\": \"arn:aws:ssm:us-east-1:413425779393:parameter/todos-dev-dynamodb-table\"\n    }\n  ]\n}",
            "override_json": null,
            "override_policy_documents": null,
            "policy_id": null,
            "source_json": null,
            "source_policy_documents": null,
            "statement": [
              {
                "actions": [
                  "logs:CreateLogGroup"
                ],
                "condition": [],
                "effect": "Allow",
                "not_actions": [],
                "not_principals": [],
                "not_resources": [],
                "principals": [],
                "resources": [
                  "arn:aws:logs:*:*:*"
                ],
                "sid": "AllowCreatingLogGroups"
              },
              {
                "actions": [
                  "logs:CreateLogStream",
                  "logs:PutLogEvents"
                ],
                "condition": [],
                "effect": "Allow",
                "not_actions": [],
                "not_principals": [],
                "not_resources": [],
                "principals": [],
                "resources": [
                  "arn:aws:logs:*:*:log-group:/aws/lambda/*:*"
                ],
                "sid": "AllowWritingLogs"
              },
              {
                "actions": [
                  "dynamodb:ListTables",
                  "ssm:DescribeParameters",
                  "xray:PutTraceSegments"
                ],
                "condition": [],
                "effect": "Allow",
                "not_actions": [],
                "not_principals": [],
                "not_resources": [],
                "principals": [],
                "resources": [
                  "*"
                ],
                "sid": ""
              },
              {
                "actions": [
                  "dynamodb:DeleteItem",
                  "dynamodb:DescribeTable",
                  "dynamodb:GetItem",
                  "dynamodb:PutItem",
                  "dynamodb:Query",
                  "dynamodb:UpdateItem"
                ],
                "condition": [],
                "effect": "Allow",
                "not_actions": [],
                "not_principals": [],
                "not_resources": [],
                "principals": [],
                "resources": [
                  "arn:aws:dynamodb:us-east-1:413425779393:table/todos-dev"
                ],
                "sid": ""
              },
              {
                "actions": [
                  "ssm:GetParameter",
                  "ssm:GetParameters"
                ],
                "condition": [],
                "effect": "Allow",
                "not_actions": [],
                "not_principals": [],
                "not_resources": [],
                "principals": [],
                "resources": [
                  "arn:aws:ssm:us-east-1:413425779393:parameter/todos-dev-dynamodb-table"
                ],
                "sid": ""
              }
            ],
            "version": "2012-10-17"
          },
          "sensitive_attributes": []
        }
      ]
    },
    {
      "mode": "data",
      "type": "aws_iam_policy_document",
      "name": "lambda_assume_role",
      "provider": "provider[\"registry.terraform.io/hashicorp/aws\"]",
      "instances": [
        {
          "schema_version": 0,
          "attributes": {
            "id": "3693445097",
            "json": "{\n  \"Version\": \"2012-10-17\",\n  \"Statement\": [\n    {\n      \"Sid\": \"\",\n      \"Effect\": \"Allow\",\n      \"Action\": \"sts:AssumeRole\",\n      \"Principal\": {\n        \"Service\": \"lambda.amazonaws.com\"\n      }\n    }\n  ]\n}",
            "override_json": null,
            "override_policy_documents": null,
            "policy_id": null,
            "source_json": null,
            "source_policy_documents": null,
            "statement": [
              {
                "actions": [
                  "sts:AssumeRole"
                ],
                "condition": [],
                "effect": "Allow",
                "not_actions": [],
                "not_principals": [],
                "not_resources": [],
                "principals": [
                  {
                    "identifiers": [
                      "lambda.amazonaws.com"
                    ],
                    "type": "Service"
                  }
                ],
                "resources": [],
                "sid": ""
              }
            ],
            "version": "2012-10-17"
          },
          "sensitive_attributes": []
        }
      ]
    },
    {
      "mode": "managed",
      "type": "aws_apigatewayv2_api",
      "name": "this",
      "provider": "provider[\"registry.terraform.io/hashicorp/aws\"]",
      "instances": [
        {
          "schema_version": 0,
          "attributes": {
            "api_endpoint": "https://8aaq12603f.execute-api.us-east-1.amazonaws.com",
            "api_key_selection_expression": "$request.header.x-api-key",
            "arn": "arn:aws:apigateway:us-east-1::/apis/8aaq12603f",
            "body": null,
            "cors_configuration": [],
            "credentials_arn": null,
            "description": "",
            "disable_execute_api_endpoint": false,
            "execution_arn": "arn:aws:execute-api:us-east-1:413425779393:8aaq12603f",
            "fail_on_warnings": null,
            "id": "8aaq12603f",
            "name": "todos-dev-api",
            "protocol_type": "HTTP",
            "route_key": null,
            "route_selection_expression": "$request.method $request.path",
            "tags": {},
            "tags_all": {
              "Env": "dev",
              "ManagedBy": "Terraform",
              "Owner": "Daniel Marques",
              "Project": "Serverless REST API"
            },
            "target": null,
            "version": ""
          },
          "sensitive_attributes": [],
          "private": "bnVsbA=="
        }
      ]
    },
    {
      "mode": "managed",
      "type": "aws_apigatewayv2_integration",
      "name": "todos",
      "provider": "provider[\"registry.terraform.io/hashicorp/aws\"]",
      "instances": [
        {
          "index_key": "delete",
          "schema_version": 0,
          "attributes": {
            "api_id": "8aaq12603f",
            "connection_id": "",
            "connection_type": "INTERNET",
            "content_handling_strategy": "",
            "credentials_arn": "",
            "description": "",
            "id": "c4duyoo",
            "integration_method": "POST",
            "integration_response_selection_expression": "",
            "integration_subtype": "",
            "integration_type": "AWS_PROXY",
            "integration_uri": "arn:aws:apigateway:us-east-1:lambda:path/2015-03-31/functions/arn:aws:lambda:us-east-1:413425779393:function:dynamodb-delete-item/invocations",
            "passthrough_behavior": "",
            "payload_format_version": "2.0",
            "request_parameters": {},
            "request_templates": {},
            "response_parameters": [],
            "template_selection_expression": "",
            "timeout_milliseconds": 30000,
            "tls_config": []
          },
          "sensitive_attributes": [],
          "private": "bnVsbA==",
          "dependencies": [
            "aws_apigatewayv2_api.this",
            "aws_dynamodb_table.this",
            "aws_iam_role.rest_api_role",
            "aws_lambda_function.todos",
            "aws_lambda_layer_version.utils",
            "aws_ssm_parameter.dynamodb_table",
            "data.archive_file.todos",
            "data.archive_file.utils_layer",
            "data.aws_iam_policy_document.lambda_assume_role"
          ]
        },
        {
          "index_key": "get",
          "schema_version": 0,
          "attributes": {
            "api_id": "8aaq12603f",
            "connection_id": "",
            "connection_type": "INTERNET",
            "content_handling_strategy": "",
            "credentials_arn": "",
            "description": "",
            "id": "44zecr2",
            "integration_method": "POST",
            "integration_response_selection_expression": "",
            "integration_subtype": "",
            "integration_type": "AWS_PROXY",
            "integration_uri": "arn:aws:apigateway:us-east-1:lambda:path/2015-03-31/functions/arn:aws:lambda:us-east-1:413425779393:function:dynamodb-get-item/invocations",
            "passthrough_behavior": "",
            "payload_format_version": "2.0",
            "request_parameters": {},
            "request_templates": {},
            "response_parameters": [],
            "template_selection_expression": "",
            "timeout_milliseconds": 30000,
            "tls_config": []
          },
          "sensitive_attributes": [],
          "private": "bnVsbA==",
          "dependencies": [
            "aws_apigatewayv2_api.this",
            "aws_dynamodb_table.this",
            "aws_iam_role.rest_api_role",
            "aws_lambda_function.todos",
            "aws_lambda_layer_version.utils",
            "aws_ssm_parameter.dynamodb_table",
            "data.archive_file.todos",
            "data.archive_file.utils_layer",
            "data.aws_iam_policy_document.lambda_assume_role"
          ]
        },
        {
          "index_key": "post",
          "schema_version": 0,
          "attributes": {
            "api_id": "8aaq12603f",
            "connection_id": "",
            "connection_type": "INTERNET",
            "content_handling_strategy": "",
            "credentials_arn": "",
            "description": "",
            "id": "y5sk4qs",
            "integration_method": "POST",
            "integration_response_selection_expression": "",
            "integration_subtype": "",
            "integration_type": "AWS_PROXY",
            "integration_uri": "arn:aws:apigateway:us-east-1:lambda:path/2015-03-31/functions/arn:aws:lambda:us-east-1:413425779393:function:dynamodb-post-item/invocations",
            "passthrough_behavior": "",
            "payload_format_version": "2.0",
            "request_parameters": {},
            "request_templates": {},
            "response_parameters": [],
            "template_selection_expression": "",
            "timeout_milliseconds": 30000,
            "tls_config": []
          },
          "sensitive_attributes": [],
          "private": "bnVsbA==",
          "dependencies": [
            "aws_apigatewayv2_api.this",
            "aws_dynamodb_table.this",
            "aws_iam_role.rest_api_role",
            "aws_lambda_function.todos",
            "aws_lambda_layer_version.utils",
            "aws_ssm_parameter.dynamodb_table",
            "data.archive_file.todos",
            "data.archive_file.utils_layer",
            "data.aws_iam_policy_document.lambda_assume_role"
          ]
        },
        {
          "index_key": "put",
          "schema_version": 0,
          "attributes": {
            "api_id": "8aaq12603f",
            "connection_id": "",
            "connection_type": "INTERNET",
            "content_handling_strategy": "",
            "credentials_arn": "",
            "description": "",
            "id": "am1itvn",
            "integration_method": "POST",
            "integration_response_selection_expression": "",
            "integration_subtype": "",
            "integration_type": "AWS_PROXY",
            "integration_uri": "arn:aws:apigateway:us-east-1:lambda:path/2015-03-31/functions/arn:aws:lambda:us-east-1:413425779393:function:dynamodb-put-item/invocations",
            "passthrough_behavior": "",
            "payload_format_version": "2.0",
            "request_parameters": {},
            "request_templates": {},
            "response_parameters": [],
            "template_selection_expression": "",
            "timeout_milliseconds": 30000,
            "tls_config": []
          },
          "sensitive_attributes": [],
          "private": "bnVsbA==",
          "dependencies": [
            "aws_apigatewayv2_api.this",
            "aws_dynamodb_table.this",
            "aws_iam_role.rest_api_role",
            "aws_lambda_function.todos",
            "aws_lambda_layer_version.utils",
            "aws_ssm_parameter.dynamodb_table",
            "data.archive_file.todos",
            "data.archive_file.utils_layer",
            "data.aws_iam_policy_document.lambda_assume_role"
          ]
        }
      ]
    },
    {
      "mode": "managed",
      "type": "aws_apigatewayv2_route",
      "name": "todos",
      "provider": "provider[\"registry.terraform.io/hashicorp/aws\"]",
      "instances": [
        {
          "index_key": "delete",
          "schema_version": 0,
          "attributes": {
            "api_id": "8aaq12603f",
            "api_key_required": false,
            "authorization_scopes": null,
            "authorization_type": "NONE",
            "authorizer_id": "",
            "id": "8i8aw3i",
            "model_selection_expression": "",
            "operation_name": "",
            "request_models": null,
            "request_parameter": [],
            "route_key": "DELETE /v1/todos",
            "route_response_selection_expression": "",
            "target": "integrations/c4duyoo"
          },
          "sensitive_attributes": [],
          "private": "bnVsbA==",
          "dependencies": [
            "aws_apigatewayv2_api.this",
            "aws_apigatewayv2_integration.todos"
          ]
        },
        {
          "index_key": "get",
          "schema_version": 0,
          "attributes": {
            "api_id": "8aaq12603f",
            "api_key_required": false,
            "authorization_scopes": null,
            "authorization_type": "NONE",
            "authorizer_id": "",
            "id": "z3w7495",
            "model_selection_expression": "",
            "operation_name": "",
            "request_models": null,
            "request_parameter": [],
            "route_key": "GET /v1/todos",
            "route_response_selection_expression": "",
            "target": "integrations/44zecr2"
          },
          "sensitive_attributes": [],
          "private": "bnVsbA==",
          "dependencies": [
            "aws_apigatewayv2_api.this",
            "aws_apigatewayv2_integration.todos"
          ]
        },
        {
          "index_key": "post",
          "schema_version": 0,
          "attributes": {
            "api_id": "8aaq12603f",
            "api_key_required": false,
            "authorization_scopes": null,
            "authorization_type": "NONE",
            "authorizer_id": "",
            "id": "wy940f9",
            "model_selection_expression": "",
            "operation_name": "",
            "request_models": null,
            "request_parameter": [],
            "route_key": "POST /v1/todos",
            "route_response_selection_expression": "",
            "target": "integrations/y5sk4qs"
          },
          "sensitive_attributes": [],
          "private": "bnVsbA==",
          "dependencies": [
            "aws_apigatewayv2_api.this",
            "aws_apigatewayv2_integration.todos"
          ]
        },
        {
          "index_key": "put",
          "schema_version": 0,
          "attributes": {
            "api_id": "8aaq12603f",
            "api_key_required": false,
            "authorization_scopes": null,
            "authorization_type": "NONE",
            "authorizer_id": "",
            "id": "6dmz38q",
            "model_selection_expression": "",
            "operation_name": "",
            "request_models": null,
            "request_parameter": [],
            "route_key": "PUT /v1/todos",
            "route_response_selection_expression": "",
            "target": "integrations/am1itvn"
          },
          "sensitive_attributes": [],
          "private": "bnVsbA==",
          "dependencies": [
            "aws_apigatewayv2_api.this",
            "aws_apigatewayv2_integration.todos"
          ]
        }
      ]
    },
    {
      "mode": "managed",
      "type": "aws_apigatewayv2_route",
      "name": "todos_get",
      "provider": "provider[\"registry.terraform.io/hashicorp/aws\"]",
      "instances": [
        {
          "schema_version": 0,
          "attributes": {
            "api_id": "8aaq12603f",
            "api_key_required": false,
            "authorization_scopes": null,
            "authorization_type": "NONE",
            "authorizer_id": "",
            "id": "0tvrrx1",
            "model_selection_expression": "",
            "operation_name": "",
            "request_models": null,
            "request_parameter": [],
            "route_key": "GET /v1/todos/{todoId}",
            "route_response_selection_expression": "",
            "target": "integrations/44zecr2"
          },
          "sensitive_attributes": [],
          "private": "bnVsbA==",
          "dependencies": [
            "aws_apigatewayv2_api.this",
            "aws_apigatewayv2_integration.todos"
          ]
        }
      ]
    },
    {
      "mode": "managed",
      "type": "aws_apigatewayv2_stage",
      "name": "this",
      "provider": "provider[\"registry.terraform.io/hashicorp/aws\"]",
      "instances": [
        {
          "schema_version": 0,
          "attributes": {
            "access_log_settings": [],
            "api_id": "8aaq12603f",
            "arn": "arn:aws:apigateway:us-east-1::/apis/8aaq12603f/stages/$default",
            "auto_deploy": true,
            "client_certificate_id": "",
            "default_route_settings": [
              {
                "data_trace_enabled": false,
                "detailed_metrics_enabled": false,
                "logging_level": "",
                "throttling_burst_limit": 0,
                "throttling_rate_limit": 0
              }
            ],
            "deployment_id": "",
            "description": "",
            "execution_arn": "arn:aws:execute-api:us-east-1:413425779393:8aaq12603f/$default",
            "id": "$default",
            "invoke_url": "https://8aaq12603f.execute-api.us-east-1.amazonaws.com/",
            "name": "$default",
            "route_settings": [],
            "stage_variables": {},
            "tags": {},
            "tags_all": {
              "Env": "dev",
              "ManagedBy": "Terraform",
              "Owner": "Daniel Marques",
              "Project": "Serverless REST API"
            }
          },
          "sensitive_attributes": [],
          "private": "bnVsbA==",
          "dependencies": [
            "aws_apigatewayv2_api.this"
          ]
        }
      ]
    },
    {
      "mode": "managed",
      "type": "aws_cloudwatch_log_group",
      "name": "this",
      "provider": "provider[\"registry.terraform.io/hashicorp/aws\"]",
      "instances": [
        {
          "index_key": "delete",
          "schema_version": 0,
          "attributes": {
            "arn": "arn:aws:logs:us-east-1:413425779393:log-group:/aws/lambda/dynamodb-delete-item",
            "id": "/aws/lambda/dynamodb-delete-item",
            "kms_key_id": "",
            "name": "/aws/lambda/dynamodb-delete-item",
            "name_prefix": null,
            "retention_in_days": 3,
            "tags": {},
            "tags_all": {
              "Env": "dev",
              "ManagedBy": "Terraform",
              "Owner": "Daniel Marques",
              "Project": "Serverless REST API"
            }
          },
          "sensitive_attributes": [],
          "private": "bnVsbA==",
          "dependencies": [
            "aws_dynamodb_table.this",
            "aws_iam_role.rest_api_role",
            "aws_lambda_function.todos",
            "aws_lambda_layer_version.utils",
            "aws_ssm_parameter.dynamodb_table",
            "data.archive_file.todos",
            "data.archive_file.utils_layer",
            "data.aws_iam_policy_document.lambda_assume_role"
          ]
        },
        {
          "index_key": "get",
          "schema_version": 0,
          "attributes": {
            "arn": "arn:aws:logs:us-east-1:413425779393:log-group:/aws/lambda/dynamodb-get-item",
            "id": "/aws/lambda/dynamodb-get-item",
            "kms_key_id": "",
            "name": "/aws/lambda/dynamodb-get-item",
            "name_prefix": null,
            "retention_in_days": 3,
            "tags": {},
            "tags_all": {
              "Env": "dev",
              "ManagedBy": "Terraform",
              "Owner": "Daniel Marques",
              "Project": "Serverless REST API"
            }
          },
          "sensitive_attributes": [],
          "private": "bnVsbA==",
          "dependencies": [
            "aws_dynamodb_table.this",
            "aws_iam_role.rest_api_role",
            "aws_lambda_function.todos",
            "aws_lambda_layer_version.utils",
            "aws_ssm_parameter.dynamodb_table",
            "data.archive_file.todos",
            "data.archive_file.utils_layer",
            "data.aws_iam_policy_document.lambda_assume_role"
          ]
        },
        {
          "index_key": "post",
          "schema_version": 0,
          "attributes": {
            "arn": "arn:aws:logs:us-east-1:413425779393:log-group:/aws/lambda/dynamodb-post-item",
            "id": "/aws/lambda/dynamodb-post-item",
            "kms_key_id": "",
            "name": "/aws/lambda/dynamodb-post-item",
            "name_prefix": null,
            "retention_in_days": 3,
            "tags": {},
            "tags_all": {
              "Env": "dev",
              "ManagedBy": "Terraform",
              "Owner": "Daniel Marques",
              "Project": "Serverless REST API"
            }
          },
          "sensitive_attributes": [],
          "private": "bnVsbA==",
          "dependencies": [
            "aws_dynamodb_table.this",
            "aws_iam_role.rest_api_role",
            "aws_lambda_function.todos",
            "aws_lambda_layer_version.utils",
            "aws_ssm_parameter.dynamodb_table",
            "data.archive_file.todos",
            "data.archive_file.utils_layer",
            "data.aws_iam_policy_document.lambda_assume_role"
          ]
        },
        {
          "index_key": "put",
          "schema_version": 0,
          "attributes": {
            "arn": "arn:aws:logs:us-east-1:413425779393:log-group:/aws/lambda/dynamodb-put-item",
            "id": "/aws/lambda/dynamodb-put-item",
            "kms_key_id": "",
            "name": "/aws/lambda/dynamodb-put-item",
            "name_prefix": null,
            "retention_in_days": 3,
            "tags": {},
            "tags_all": {
              "Env": "dev",
              "ManagedBy": "Terraform",
              "Owner": "Daniel Marques",
              "Project": "Serverless REST API"
            }
          },
          "sensitive_attributes": [],
          "private": "bnVsbA==",
          "dependencies": [
            "aws_dynamodb_table.this",
            "aws_iam_role.rest_api_role",
            "aws_lambda_function.todos",
            "aws_lambda_layer_version.utils",
            "aws_ssm_parameter.dynamodb_table",
            "data.archive_file.todos",
            "data.archive_file.utils_layer",
            "data.aws_iam_policy_document.lambda_assume_role"
          ]
        }
      ]
    },
    {
      "mode": "managed",
      "type": "aws_dynamodb_table",
      "name": "this",
      "provider": "provider[\"registry.terraform.io/hashicorp/aws\"]",
      "instances": [
        {
          "schema_version": 1,
          "attributes": {
            "arn": "arn:aws:dynamodb:us-east-1:413425779393:table/todos-dev",
            "attribute": [
              {
                "name": "id",
                "type": "N"
              }
            ],
            "billing_mode": "PAY_PER_REQUEST",
            "global_secondary_index": [],
            "hash_key": "id",
            "id": "todos-dev",
            "local_secondary_index": [],
            "name": "todos-dev",
            "point_in_time_recovery": [
              {
                "enabled": false
              }
            ],
            "range_key": null,
            "read_capacity": 0,
            "replica": [],
            "restore_date_time": null,
            "restore_source_name": null,
            "restore_to_latest_time": null,
            "server_side_encryption": [],
            "stream_arn": "",
            "stream_enabled": false,
            "stream_label": "",
            "stream_view_type": "",
            "table_class": "",
            "tags": {},
            "tags_all": {
              "Env": "dev",
              "ManagedBy": "Terraform",
              "Owner": "Daniel Marques",
              "Project": "Serverless REST API"
            },
            "timeouts": null,
            "ttl": [
              {
                "attribute_name": "",
                "enabled": false
              }
            ],
            "write_capacity": 0
          },
          "sensitive_attributes": [],
          "private": "eyJlMmJmYjczMC1lY2FhLTExZTYtOGY4OC0zNDM2M2JjN2M0YzAiOnsiY3JlYXRlIjoxODAwMDAwMDAwMDAwLCJkZWxldGUiOjYwMDAwMDAwMDAwMCwidXBkYXRlIjozNjAwMDAwMDAwMDAwfSwic2NoZW1hX3ZlcnNpb24iOiIxIn0="
        }
      ]
    },
    {
      "mode": "managed",
      "type": "aws_dynamodb_table_item",
      "name": "this",
      "provider": "provider[\"registry.terraform.io/hashicorp/aws\"]",
      "instances": [
        {
          "schema_version": 0,
          "attributes": {
            "hash_key": "id",
            "id": "todos-dev|id|||1",
            "item": "{\n  \"id\": {\"N\": \"1\"},\n  \"task\": {\"S\": \"aprender a programar\"},\n  \"done\": {\"S\": \"false\"}\n}\n",
            "range_key": null,
            "table_name": "todos-dev"
          },
          "sensitive_attributes": [],
          "private": "bnVsbA==",
          "dependencies": [
            "aws_dynamodb_table.this"
          ]
        }
      ]
    },
    {
      "mode": "managed",
      "type": "aws_iam_policy",
      "name": "create_logs_cloudwatch",
      "provider": "provider[\"registry.terraform.io/hashicorp/aws\"]",
      "instances": [
        {
          "schema_version": 0,
          "attributes": {
            "arn": "arn:aws:iam::413425779393:policy/todos-dev-policy",
            "description": "",
            "id": "arn:aws:iam::413425779393:policy/todos-dev-policy",
            "name": "todos-dev-policy",
            "name_prefix": null,
            "path": "/",
            "policy": "{\"Statement\":[{\"Action\":\"logs:CreateLogGroup\",\"Effect\":\"Allow\",\"Resource\":\"arn:aws:logs:*:*:*\",\"Sid\":\"AllowCreatingLogGroups\"},{\"Action\":[\"logs:PutLogEvents\",\"logs:CreateLogStream\"],\"Effect\":\"Allow\",\"Resource\":\"arn:aws:logs:*:*:log-group:/aws/lambda/*:*\",\"Sid\":\"AllowWritingLogs\"},{\"Action\":[\"xray:PutTraceSegments\",\"ssm:DescribeParameters\",\"dynamodb:ListTables\"],\"Effect\":\"Allow\",\"Resource\":\"*\",\"Sid\":\"\"},{\"Action\":[\"dynamodb:UpdateItem\",\"dynamodb:Query\",\"dynamodb:PutItem\",\"dynamodb:GetItem\",\"dynamodb:DescribeTable\",\"dynamodb:DeleteItem\"],\"Effect\":\"Allow\",\"Resource\":\"arn:aws:dynamodb:us-east-1:413425779393:table/todos-dev\",\"Sid\":\"\"},{\"Action\":[\"ssm:GetParameters\",\"ssm:GetParameter\"],\"Effect\":\"Allow\",\"Resource\":\"arn:aws:ssm:us-east-1:413425779393:parameter/todos-dev-dynamodb-table\",\"Sid\":\"\"}],\"Version\":\"2012-10-17\"}",
            "policy_id": "ANPAWAQQYYLAQCOJQ5E2J",
            "tags": {},
            "tags_all": {
              "Env": "dev",
              "ManagedBy": "Terraform",
              "Owner": "Daniel Marques",
              "Project": "Serverless REST API"
            }
          },
          "sensitive_attributes": [],
          "private": "bnVsbA==",
          "dependencies": [
            "aws_dynamodb_table.this",
            "aws_ssm_parameter.dynamodb_table",
            "data.aws_iam_policy_document.create_logs_cloudwatch"
          ]
        }
      ]
    },
    {
      "mode": "managed",
      "type": "aws_iam_role",
      "name": "rest_api_role",
      "provider": "provider[\"registry.terraform.io/hashicorp/aws\"]",
      "instances": [
        {
          "schema_version": 0,
          "attributes": {
            "arn": "arn:aws:iam::413425779393:role/todos-dev-lambda-role",
            "assume_role_policy": "{\"Version\":\"2012-10-17\",\"Statement\":[{\"Sid\":\"\",\"Effect\":\"Allow\",\"Principal\":{\"Service\":\"lambda.amazonaws.com\"},\"Action\":\"sts:AssumeRole\"}]}",
            "create_date": "2022-04-17T00:03:05Z",
            "description": "",
            "force_detach_policies": false,
            "id": "todos-dev-lambda-role",
            "inline_policy": [
              {
                "name": "",
                "policy": ""
              }
            ],
            "managed_policy_arns": [
              "arn:aws:iam::413425779393:policy/todos-dev-policy"
            ],
            "max_session_duration": 3600,
            "name": "todos-dev-lambda-role",
            "name_prefix": "",
            "path": "/",
            "permissions_boundary": null,
            "tags": {},
            "tags_all": {
              "Env": "dev",
              "ManagedBy": "Terraform",
              "Owner": "Daniel Marques",
              "Project": "Serverless REST API"
            },
            "unique_id": "AROAWAQQYYLA4PNTK5H3S"
          },
          "sensitive_attributes": [],
          "private": "bnVsbA==",
          "dependencies": [
            "data.aws_iam_policy_document.lambda_assume_role"
          ]
        }
      ]
    },
    {
      "mode": "managed",
      "type": "aws_iam_role_policy_attachment",
      "name": "cat_api_cloudwatch",
      "provider": "provider[\"registry.terraform.io/hashicorp/aws\"]",
      "instances": [
        {
          "schema_version": 0,
          "attributes": {
            "id": "todos-dev-lambda-role-20220417000322095800000001",
            "policy_arn": "arn:aws:iam::413425779393:policy/todos-dev-policy",
            "role": "todos-dev-lambda-role"
          },
          "sensitive_attributes": [],
          "private": "bnVsbA==",
          "dependencies": [
            "aws_dynamodb_table.this",
            "aws_iam_policy.create_logs_cloudwatch",
            "aws_iam_role.rest_api_role",
            "aws_ssm_parameter.dynamodb_table",
            "data.aws_iam_policy_document.create_logs_cloudwatch",
            "data.aws_iam_policy_document.lambda_assume_role"
          ]
        }
      ]
    },
    {
      "mode": "managed",
      "type": "aws_lambda_function",
      "name": "todos",
      "provider": "provider[\"registry.terraform.io/hashicorp/aws\"]",
      "instances": [
        {
          "index_key": "delete",
          "schema_version": 0,
          "attributes": {
            "architectures": [
              "x86_64"
            ],
            "arn": "arn:aws:lambda:us-east-1:413425779393:function:dynamodb-delete-item",
            "code_signing_config_arn": "",
            "dead_letter_config": [],
            "description": "Delete given todo",
            "environment": [
              {
                "variables": {
                  "DEBUG": "true",
                  "TABLE": "todos-dev-dynamodb-table"
                }
              }
            ],
            "ephemeral_storage": [
              {
                "size": 512
              }
            ],
            "file_system_config": [],
            "filename": "files/delete-todo-artefact.zip",
            "function_name": "dynamodb-delete-item",
            "handler": "delete.handler",
            "id": "dynamodb-delete-item",
            "image_config": [],
            "image_uri": "",
            "invoke_arn": "arn:aws:apigateway:us-east-1:lambda:path/2015-03-31/functions/arn:aws:lambda:us-east-1:413425779393:function:dynamodb-delete-item/invocations",
            "kms_key_arn": "",
            "last_modified": "2022-04-17T00:04:00.200+0000",
            "layers": [
              "arn:aws:lambda:us-east-1:413425779393:layer:utils-layer:1"
            ],
            "memory_size": 128,
            "package_type": "Zip",
            "publish": false,
            "qualified_arn": "arn:aws:lambda:us-east-1:413425779393:function:dynamodb-delete-item:$LATEST",
            "reserved_concurrent_executions": -1,
            "role": "arn:aws:iam::413425779393:role/todos-dev-lambda-role",
            "runtime": "nodejs14.x",
            "s3_bucket": null,
            "s3_key": null,
            "s3_object_version": null,
            "signing_job_arn": "",
            "signing_profile_version_arn": "",
            "source_code_hash": "Pi+IJHmPPJff5XwUM1OOwxbkldgY2ZotPZILHzRMZPI=",
            "source_code_size": 591,
            "tags": {},
            "tags_all": {
              "Env": "dev",
              "ManagedBy": "Terraform",
              "Owner": "Daniel Marques",
              "Project": "Serverless REST API"
            },
            "timeout": 5,
            "timeouts": null,
            "tracing_config": [
              {
                "mode": "Active"
              }
            ],
            "version": "$LATEST",
            "vpc_config": []
          },
          "sensitive_attributes": [],
          "private": "eyJlMmJmYjczMC1lY2FhLTExZTYtOGY4OC0zNDM2M2JjN2M0YzAiOnsiY3JlYXRlIjo2MDAwMDAwMDAwMDB9fQ==",
          "dependencies": [
            "aws_dynamodb_table.this",
            "aws_iam_role.rest_api_role",
            "aws_lambda_layer_version.utils",
            "aws_ssm_parameter.dynamodb_table",
            "data.archive_file.todos",
            "data.archive_file.utils_layer",
            "data.aws_iam_policy_document.lambda_assume_role"
          ]
        },
        {
          "index_key": "get",
          "schema_version": 0,
          "attributes": {
            "architectures": [
              "x86_64"
            ],
            "arn": "arn:aws:lambda:us-east-1:413425779393:function:dynamodb-get-item",
            "code_signing_config_arn": "",
            "dead_letter_config": [],
            "description": "Get todos",
            "environment": [
              {
                "variables": {
                  "DEBUG": "true",
                  "TABLE": "todos-dev-dynamodb-table"
                }
              }
            ],
            "ephemeral_storage": [
              {
                "size": 512
              }
            ],
            "file_system_config": [],
            "filename": "files/get-todo-artefact.zip",
            "function_name": "dynamodb-get-item",
            "handler": "get.handler",
            "id": "dynamodb-get-item",
            "image_config": [],
            "image_uri": "",
            "invoke_arn": "arn:aws:apigateway:us-east-1:lambda:path/2015-03-31/functions/arn:aws:lambda:us-east-1:413425779393:function:dynamodb-get-item/invocations",
            "kms_key_arn": "",
            "last_modified": "2022-04-17T00:04:00.199+0000",
            "layers": [
              "arn:aws:lambda:us-east-1:413425779393:layer:utils-layer:1"
            ],
            "memory_size": 256,
            "package_type": "Zip",
            "publish": false,
            "qualified_arn": "arn:aws:lambda:us-east-1:413425779393:function:dynamodb-get-item:$LATEST",
            "reserved_concurrent_executions": -1,
            "role": "arn:aws:iam::413425779393:role/todos-dev-lambda-role",
            "runtime": "nodejs14.x",
            "s3_bucket": null,
            "s3_key": null,
            "s3_object_version": null,
            "signing_job_arn": "",
            "signing_profile_version_arn": "",
            "source_code_hash": "rVdaS9dG80CIEnh8m75Xc2jzAQ07IEKAXsghIo4/Vwk=",
            "source_code_size": 657,
            "tags": {},
            "tags_all": {
              "Env": "dev",
              "ManagedBy": "Terraform",
              "Owner": "Daniel Marques",
              "Project": "Serverless REST API"
            },
            "timeout": 10,
            "timeouts": null,
            "tracing_config": [
              {
                "mode": "Active"
              }
            ],
            "version": "$LATEST",
            "vpc_config": []
          },
          "sensitive_attributes": [],
          "private": "eyJlMmJmYjczMC1lY2FhLTExZTYtOGY4OC0zNDM2M2JjN2M0YzAiOnsiY3JlYXRlIjo2MDAwMDAwMDAwMDB9fQ==",
          "dependencies": [
            "aws_dynamodb_table.this",
            "aws_iam_role.rest_api_role",
            "aws_lambda_layer_version.utils",
            "aws_ssm_parameter.dynamodb_table",
            "data.archive_file.todos",
            "data.archive_file.utils_layer",
            "data.aws_iam_policy_document.lambda_assume_role"
          ]
        },
        {
          "index_key": "post",
          "schema_version": 0,
          "attributes": {
            "architectures": [
              "x86_64"
            ],
            "arn": "arn:aws:lambda:us-east-1:413425779393:function:dynamodb-post-item",
            "code_signing_config_arn": "",
            "dead_letter_config": [],
            "description": "Create new todo",
            "environment": [
              {
                "variables": {
                  "DEBUG": "true",
                  "TABLE": "todos-dev-dynamodb-table"
                }
              }
            ],
            "ephemeral_storage": [
              {
                "size": 512
              }
            ],
            "file_system_config": [],
            "filename": "files/post-todo-artefact.zip",
            "function_name": "dynamodb-post-item",
            "handler": "post.handler",
            "id": "dynamodb-post-item",
            "image_config": [],
            "image_uri": "",
            "invoke_arn": "arn:aws:apigateway:us-east-1:lambda:path/2015-03-31/functions/arn:aws:lambda:us-east-1:413425779393:function:dynamodb-post-item/invocations",
            "kms_key_arn": "",
            "last_modified": "2022-04-17T00:04:00.204+0000",
            "layers": [
              "arn:aws:lambda:us-east-1:413425779393:layer:utils-layer:1"
            ],
            "memory_size": 128,
            "package_type": "Zip",
            "publish": false,
            "qualified_arn": "arn:aws:lambda:us-east-1:413425779393:function:dynamodb-post-item:$LATEST",
            "reserved_concurrent_executions": -1,
            "role": "arn:aws:iam::413425779393:role/todos-dev-lambda-role",
            "runtime": "nodejs14.x",
            "s3_bucket": null,
            "s3_key": null,
            "s3_object_version": null,
            "signing_job_arn": "",
            "signing_profile_version_arn": "",
            "source_code_hash": "lXqX8NasawG0eWiw1q24guzLUpY9I3IkGkIhrbEHxmk=",
            "source_code_size": 601,
            "tags": {},
            "tags_all": {
              "Env": "dev",
              "ManagedBy": "Terraform",
              "Owner": "Daniel Marques",
              "Project": "Serverless REST API"
            },
            "timeout": 5,
            "timeouts": null,
            "tracing_config": [
              {
                "mode": "Active"
              }
            ],
            "version": "$LATEST",
            "vpc_config": []
          },
          "sensitive_attributes": [],
          "private": "eyJlMmJmYjczMC1lY2FhLTExZTYtOGY4OC0zNDM2M2JjN2M0YzAiOnsiY3JlYXRlIjo2MDAwMDAwMDAwMDB9fQ==",
          "dependencies": [
            "aws_dynamodb_table.this",
            "aws_iam_role.rest_api_role",
            "aws_lambda_layer_version.utils",
            "aws_ssm_parameter.dynamodb_table",
            "data.archive_file.todos",
            "data.archive_file.utils_layer",
            "data.aws_iam_policy_document.lambda_assume_role"
          ]
        },
        {
          "index_key": "put",
          "schema_version": 0,
          "attributes": {
            "architectures": [
              "x86_64"
            ],
            "arn": "arn:aws:lambda:us-east-1:413425779393:function:dynamodb-put-item",
            "code_signing_config_arn": "",
            "dead_letter_config": [],
            "description": "Update given todo",
            "environment": [
              {
                "variables": {
                  "DEBUG": "true",
                  "TABLE": "todos-dev-dynamodb-table"
                }
              }
            ],
            "ephemeral_storage": [
              {
                "size": 512
              }
            ],
            "file_system_config": [],
            "filename": "files/put-todo-artefact.zip",
            "function_name": "dynamodb-put-item",
            "handler": "put.handler",
            "id": "dynamodb-put-item",
            "image_config": [],
            "image_uri": "",
            "invoke_arn": "arn:aws:apigateway:us-east-1:lambda:path/2015-03-31/functions/arn:aws:lambda:us-east-1:413425779393:function:dynamodb-put-item/invocations",
            "kms_key_arn": "",
            "last_modified": "2022-04-17T00:04:00.201+0000",
            "layers": [
              "arn:aws:lambda:us-east-1:413425779393:layer:utils-layer:1"
            ],
            "memory_size": 128,
            "package_type": "Zip",
            "publish": false,
            "qualified_arn": "arn:aws:lambda:us-east-1:413425779393:function:dynamodb-put-item:$LATEST",
            "reserved_concurrent_executions": -1,
            "role": "arn:aws:iam::413425779393:role/todos-dev-lambda-role",
            "runtime": "nodejs14.x",
            "s3_bucket": null,
            "s3_key": null,
            "s3_object_version": null,
            "signing_job_arn": "",
            "signing_profile_version_arn": "",
            "source_code_hash": "HxNRWvxcCVFo/WzQpgay7iM/fBP7M3oBjsKucmihYfQ=",
            "source_code_size": 684,
            "tags": {},
            "tags_all": {
              "Env": "dev",
              "ManagedBy": "Terraform",
              "Owner": "Daniel Marques",
              "Project": "Serverless REST API"
            },
            "timeout": 5,
            "timeouts": null,
            "tracing_config": [
              {
                "mode": "Active"
              }
            ],
            "version": "$LATEST",
            "vpc_config": []
          },
          "sensitive_attributes": [],
          "private": "eyJlMmJmYjczMC1lY2FhLTExZTYtOGY4OC0zNDM2M2JjN2M0YzAiOnsiY3JlYXRlIjo2MDAwMDAwMDAwMDB9fQ==",
          "dependencies": [
            "aws_dynamodb_table.this",
            "aws_iam_role.rest_api_role",
            "aws_lambda_layer_version.utils",
            "aws_ssm_parameter.dynamodb_table",
            "data.archive_file.todos",
            "data.archive_file.utils_layer",
            "data.aws_iam_policy_document.lambda_assume_role"
          ]
        }
      ]
    },
    {
      "mode": "managed",
      "type": "aws_lambda_layer_version",
      "name": "utils",
      "provider": "provider[\"registry.terraform.io/hashicorp/aws\"]",
      "instances": [
        {
          "schema_version": 0,
          "attributes": {
            "arn": "arn:aws:lambda:us-east-1:413425779393:layer:utils-layer:1",
            "compatible_architectures": [],
            "compatible_runtimes": [
              "nodejs14.x"
            ],
            "created_date": "2022-04-17T00:03:08.958+0000",
            "description": "Utils for response and event normalization",
            "filename": "files/utils-layer.zip",
            "id": "arn:aws:lambda:us-east-1:413425779393:layer:utils-layer:1",
            "layer_arn": "arn:aws:lambda:us-east-1:413425779393:layer:utils-layer",
            "layer_name": "utils-layer",
            "license_info": "",
            "s3_bucket": null,
            "s3_key": null,
            "s3_object_version": null,
            "signing_job_arn": "",
            "signing_profile_version_arn": "",
            "skip_destroy": false,
            "source_code_hash": "p8YbiYtpDkWfQBBNG6MDtzmW+qfD4Ra5bAV+T8ZudqE=",
            "source_code_size": 613,
            "version": "1"
          },
          "sensitive_attributes": [],
          "private": "bnVsbA==",
          "dependencies": [
            "data.archive_file.utils_layer"
          ]
        }
      ]
    },
    {
      "mode": "managed",
      "type": "aws_lambda_permission",
      "name": "api",
      "provider": "provider[\"registry.terraform.io/hashicorp/aws\"]",
      "instances": [
        {
          "index_key": "delete",
          "schema_version": 0,
          "attributes": {
            "action": "lambda:InvokeFunction",
            "event_source_token": null,
            "function_name": "arn:aws:lambda:us-east-1:413425779393:function:dynamodb-delete-item",
            "id": "terraform-20220417000400075500000004",
            "principal": "apigateway.amazonaws.com",
            "principal_org_id": null,
            "qualifier": "",
            "source_account": null,
            "source_arn": "arn:aws:execute-api:us-east-1:413425779393:*/*",
            "statement_id": "terraform-20220417000400075500000004",
            "statement_id_prefix": null
          },
          "sensitive_attributes": [],
          "private": "bnVsbA==",
          "dependencies": [
            "aws_dynamodb_table.this",
            "aws_iam_role.rest_api_role",
            "aws_lambda_function.todos",
            "aws_lambda_layer_version.utils",
            "aws_ssm_parameter.dynamodb_table",
            "data.archive_file.todos",
            "data.archive_file.utils_layer",
            "data.aws_iam_policy_document.lambda_assume_role"
          ]
        },
        {
          "index_key": "get",
          "schema_version": 0,
          "attributes": {
            "action": "lambda:InvokeFunction",
            "event_source_token": null,
            "function_name": "arn:aws:lambda:us-east-1:413425779393:function:dynamodb-get-item",
            "id": "terraform-20220417000400075400000003",
            "principal": "apigateway.amazonaws.com",
            "principal_org_id": null,
            "qualifier": "",
            "source_account": null,
            "source_arn": "arn:aws:execute-api:us-east-1:413425779393:*/*",
            "statement_id": "terraform-20220417000400075400000003",
            "statement_id_prefix": null
          },
          "sensitive_attributes": [],
          "private": "bnVsbA==",
          "dependencies": [
            "aws_dynamodb_table.this",
            "aws_iam_role.rest_api_role",
            "aws_lambda_function.todos",
            "aws_lambda_layer_version.utils",
            "aws_ssm_parameter.dynamodb_table",
            "data.archive_file.todos",
            "data.archive_file.utils_layer",
            "data.aws_iam_policy_document.lambda_assume_role"
          ]
        },
        {
          "index_key": "post",
          "schema_version": 0,
          "attributes": {
            "action": "lambda:InvokeFunction",
            "event_source_token": null,
            "function_name": "arn:aws:lambda:us-east-1:413425779393:function:dynamodb-post-item",
            "id": "terraform-20220417000400076700000005",
            "principal": "apigateway.amazonaws.com",
            "principal_org_id": null,
            "qualifier": "",
            "source_account": null,
            "source_arn": "arn:aws:execute-api:us-east-1:413425779393:*/*",
            "statement_id": "terraform-20220417000400076700000005",
            "statement_id_prefix": null
          },
          "sensitive_attributes": [],
          "private": "bnVsbA==",
          "dependencies": [
            "aws_dynamodb_table.this",
            "aws_iam_role.rest_api_role",
            "aws_lambda_function.todos",
            "aws_lambda_layer_version.utils",
            "aws_ssm_parameter.dynamodb_table",
            "data.archive_file.todos",
            "data.archive_file.utils_layer",
            "data.aws_iam_policy_document.lambda_assume_role"
          ]
        },
        {
          "index_key": "put",
          "schema_version": 0,
          "attributes": {
            "action": "lambda:InvokeFunction",
            "event_source_token": null,
            "function_name": "arn:aws:lambda:us-east-1:413425779393:function:dynamodb-put-item",
            "id": "terraform-20220417000400075400000002",
            "principal": "apigateway.amazonaws.com",
            "principal_org_id": null,
            "qualifier": "",
            "source_account": null,
            "source_arn": "arn:aws:execute-api:us-east-1:413425779393:*/*",
            "statement_id": "terraform-20220417000400075400000002",
            "statement_id_prefix": null
          },
          "sensitive_attributes": [],
          "private": "bnVsbA==",
          "dependencies": [
            "aws_dynamodb_table.this",
            "aws_iam_role.rest_api_role",
            "aws_lambda_function.todos",
            "aws_lambda_layer_version.utils",
            "aws_ssm_parameter.dynamodb_table",
            "data.archive_file.todos",
            "data.archive_file.utils_layer",
            "data.aws_iam_policy_document.lambda_assume_role"
          ]
        }
      ]
    },
    {
      "mode": "managed",
      "type": "aws_ssm_parameter",
      "name": "dynamodb_table",
      "provider": "provider[\"registry.terraform.io/hashicorp/aws\"]",
      "instances": [
        {
          "schema_version": 0,
          "attributes": {
            "allowed_pattern": "",
            "arn": "arn:aws:ssm:us-east-1:413425779393:parameter/todos-dev-dynamodb-table",
            "data_type": "text",
            "description": "",
            "id": "todos-dev-dynamodb-table",
            "key_id": "",
            "name": "todos-dev-dynamodb-table",
            "overwrite": null,
            "tags": {},
            "tags_all": {
              "Env": "dev",
              "ManagedBy": "Terraform",
              "Owner": "Daniel Marques",
              "Project": "Serverless REST API"
            },
            "tier": "Standard",
            "type": "String",
            "value": "todos-dev",
            "version": 1
          },
          "sensitive_attributes": [],
          "private": "bnVsbA==",
          "dependencies": [
            "aws_dynamodb_table.this"
          ]
        }
      ]
    }
  ]
}
